
Microsoft Visual Studio Solution File, Format Version 12.00
Project("{FAE04EC0-301F-11D3-BF4B-00C04F79EFBC}") = "CyclicRotation", "CyclicRotation\CyclicRotation.csproj", "{1DAE4374-C9C0-4C7E-BC33-DEA3309E0B2B}"
EndProject
Global
	GlobalSection(SolutionConfigurationPlatforms) = preSolution
		Debug|Any CPU = Debug|Any CPU
		Release|Any CPU = Release|Any CPU
	EndGlobalSection
	GlobalSection(ProjectConfigurationPlatforms) = postSolution
		{1DAE4374-C9C0-4C7E-BC33-DEA3309E0B2B}.Debug|Any CPU.ActiveCfg = Debug|Any CPU
		{1DAE4374-C9C0-4C7E-BC33-DEA3309E0B2B}.Debug|Any CPU.Build.0 = Debug|Any CPU
		{1DAE4374-C9C0-4C7E-BC33-DEA3309E0B2B}.Release|Any CPU.ActiveCfg = Release|Any CPU
		{1DAE4374-C9C0-4C7E-BC33-DEA3309E0B2B}.Release|Any CPU.Build.0 = Release|Any CPU
	EndGlobalSection
EndGlobal
